// !$*UTF8*$!
{
	archiveVersion = 1;
	classes = {
	};
	objectVersion = 50;
	objects = {

/* Begin PBXBuildFile section */
		7374D28724434569005D85DA /* AppDelegate.swift in Sources */ = {isa = PBXBuildFile; fileRef = 7374D28624434569005D85DA /* AppDelegate.swift */; };
		7374D28924434569005D85DA /* SceneDelegate.swift in Sources */ = {isa = PBXBuildFile; fileRef = 7374D28824434569005D85DA /* SceneDelegate.swift */; };
		7374D28B24434569005D85DA /* ContentView.swift in Sources */ = {isa = PBXBuildFile; fileRef = 7374D28A24434569005D85DA /* ContentView.swift */; };
		7374D28D2443456F005D85DA /* Assets.xcassets in Resources */ = {isa = PBXBuildFile; fileRef = 7374D28C2443456F005D85DA /* Assets.xcassets */; };
		7374D2902443456F005D85DA /* Preview Assets.xcassets in Resources */ = {isa = PBXBuildFile; fileRef = 7374D28F2443456F005D85DA /* Preview Assets.xcassets */; };
		7374D2932443456F005D85DA /* LaunchScreen.storyboard in Resources */ = {isa = PBXBuildFile; fileRef = 7374D2912443456F005D85DA /* LaunchScreen.storyboard */; };
/* End PBXBuildFile section */

/* Begin PBXFileReference section */
		7374D28324434569005D85DA /* YU-GI-OH-Calc.app */ = {isa = PBXFileReference; explicitFileType = wrapper.application; includeInIndex = 0; path = "YU-GI-OH-Calc.app"; sourceTree = BUILT_PRODUCTS_DIR; };
		7374D28624434569005D85DA /* AppDelegate.swift */ = {isa = PBXFileReference; lastKnownFileType = sourcecode.swift; path = AppDelegate.swift; sourceTree = "<group>"; };
		7374D28824434569005D85DA /* SceneDelegate.swift */ = {isa = PBXFileReference; lastKnownFileType = sourcecode.swift; path = SceneDelegate.swift; sourceTree = "<group>"; };
		7374D28A24434569005D85DA /* ContentView.swift */ = {isa = PBXFileReference; lastKnownFileType = sourcecode.swift; path = ContentView.swift; sourceTree = "<group>"; };
		7374D28C2443456F005D85DA /* Assets.xcassets */ = {isa = PBXFileReference; lastKnownFileType = folder.assetcatalog; path = Assets.xcassets; sourceTree = "<group>"; };
		7374D28F2443456F005D85DA /* Preview Assets.xcassets */ = {isa = PBXFileReference; lastKnownFileType = folder.assetcatalog; path = "Preview Assets.xcassets"; sourceTree = "<group>"; };
		7374D2922443456F005D85DA /* Base */ = {isa = PBXFileReference; lastKnownFileType = file.storyboard; name = Base; path = Base.lproj/LaunchScreen.storyboard; sourceTree = "<group>"; };
		7374D2942443456F005D85DA /* Info.plist */ = {isa = PBXFileReference; lastKnownFileType = text.plist.xml; path = Info.plist; sourceTree = "<group>"; };
/* End PBXFileReference section */

/* Begin PBXFrameworksBuildPhase section */
		7374D28024434569005D85DA /* Frameworks */ = {
			isa = PBXFrameworksBuildPhase;
			buildActionMask = 2147483647;
			files = (
			);
			runOnlyForDeploymentPostprocessing = 0;
		};
/* End PBXFrameworksBuildPhase section */

/* Begin PBXGroup section */
		7374D27A24434568005D85DA = {
			isa = PBXGroup;
			children = (
				7374D28524434569005D85DA /* YU-GI-OH-Calc */,
				7374D28424434569005D85DA /* Products */,
			);
			sourceTree = "<group>";
		};
		7374D28424434569005D85DA /* Products */ = {
			isa = PBXGroup;
			children = (
				7374D28324434569005D85DA /* YU-GI-OH-Calc.app */,
			);
			name = Products;
			sourceTree = "<group>";
		};
		7374D28524434569005D85DA /* YU-GI-OH-Calc */ = {
			isa = PBXGroup;
			children = (
				7374D28624434569005D85DA /* AppDelegate.swift */,
				7374D28824434569005D85DA /* SceneDelegate.swift */,
				7374D28A24434569005D85DA /* ContentView.swift */,
				7374D28C2443456F005D85DA /* Assets.xcassets */,
				7374D2912443456F005D85DA /* LaunchScreen.storyboard */,
				7374D2942443456F005D85DA /* Info.plist */,
				7374D28E2443456F005D85DA /* Preview Content */,
			);
			path = "YU-GI-OH-Calc";
			sourceTree = "<group>";
		};
		7374D28E2443456F005D85DA /* Preview Content */ = {
			isa = PBXGroup;
			children = (
				7374D28F2443456F005D85DA /* Preview Assets.xcassets */,
			);
			path = "Preview Content";
			sourceTree = "<group>";
		};
/* End PBXGroup section */

/* Begin PBXNativeTarget section */
		7374D28224434569005D85DA /* YU-GI-OH-Calc */ = {
			isa = PBXNativeTarget;
			buildConfigurationList = 7374D2972443456F005D85DA /* Build configuration list for PBXNativeTarget "YU-GI-OH-Calc" */;
			buildPhases = (
				7374D27F24434569005D85DA /* Sources */,
				7374D28024434569005D85DA /* Frameworks */,
				7374D28124434569005D85DA /* Resources */,
			);
			buildRules = (
			);
			dependencies = (
			);
			name = "YU-GI-OH-Calc";
			productName = "YU-GI-OH-Calc";
			productReference = 7374D28324434569005D85DA /* YU-GI-OH-Calc.app */;
			productType = "com.apple.product-type.application";
		};
/* End PBXNativeTarget section */

/* Begin PBXProject section */
		7374D27B24434568005D85DA /* Project object */ = {
			isa = PBXProject;
			attributes = {
				LastSwiftUpdateCheck = 1140;
				LastUpgradeCheck = 1140;
				ORGANIZATIONNAME = soyoil;
				TargetAttributes = {
					7374D28224434569005D85DA = {
						CreatedOnToolsVersion = 11.4;
					};
				};
			};
			buildConfigurationList = 7374D27E24434568005D85DA /* Build configuration list for PBXProject "YU-GI-OH-Calc" */;
			compatibilityVersion = "Xcode 9.3";
			developmentRegion = en;
			hasScannedForEncodings = 0;
			knownRegions = (
				en,
				Base,
			);
			mainGroup = 7374D27A24434568005D85DA;
			productRefGroup = 7374D28424434569005D85DA /* Products */;
			projectDirPath = "";
			projectRoot = "";
			targets = (
				7374D28224434569005D85DA /* YU-GI-OH-Calc */,
			);
		};
/* End PBXProject section */

/* Begin PBXResourcesBuildPhase section */
		7374D28124434569005D85DA /* Resources */ = {
			isa = PBXResourcesBuildPhase;
			buildActionMask = 2147483647;
			files = (
				7374D2932443456F005D85DA /* LaunchScreen.storyboard in Resources */,
				7374D2902443456F005D85DA /* Preview Assets.xcassets in Resources */,
				7374D28D2443456F005D85DA /* Assets.xcassets in Resources */,
			);
			runOnlyForDeploymentPostprocessing = 0;
		};
/* End PBXResourcesBuildPhase section */

/* Begin PBXSourcesBuildPhase section */
		7374D27F24434569005D85DA /* Sources */ = {
			isa = PBXSourcesBuildPhase;
			buildActionMask = 2147483647;
			files = (
				7374D28724434569005D85DA /* AppDelegate.swift in Sources */,
				7374D28924434569005D85DA /* SceneDelegate.swift in Sources */,
				7374D28B24434569005D85DA /* ContentView.swift in Sources */,
			);
			runOnlyForDeploymentPostprocessing = 0;
		};
/* End PBXSourcesBuildPhase section */

/* Begin PBXVariantGroup section */
		7374D2912443456F005D85DA /* LaunchScreen.storyboard */ = {
			isa = PBXVariantGroup;
			children = (
				7374D2922443456F005D85DA /* Base */,
			);
			name = LaunchScreen.storyboard;
			sourceTree = "<group>";
		};
/* End PBXVariantGroup section */

/* Begin XCBuildConfiguration section */
		7374D2952443456F005D85DA /* Debug */ = {
			isa = XCBuildConfiguration;
			buildSettings = {
				ALWAYS_SEARCH_USER_PATHS = NO;
				CLANG_ANALYZER_NONNULL = YES;
				CLANG_ANALYZER_NUMBER_OBJECT_CONVERSION = YES_AGGRESSIVE;
				CLANG_CXX_LANGUAGE_STANDARD = "gnu++14";
				CLANG_CXX_LIBRARY = "libc++";
				CLANG_ENABLE_MODULES = YES;
				CLANG_ENABLE_OBJC_ARC = YES;
				CLANG_ENABLE_OBJC_WEAK = YES;
				CLANG_WARN_BLOCK_CAPTURE_AUTORELEASING = YES;
				CLANG_WARN_BOOL_CONVERSION = YES;
				CLANG_WARN_COMMA = YES;
				CLANG_WARN_CONSTANT_CONVERSION = YES;
				CLANG_WARN_DEPRECATED_OBJC_IMPLEMENTATIONS = YES;
				CLANG_WARN_DIRECT_OBJC_ISA_USAGE = YES_ERROR;
				CLANG_WARN_DOCUMENTATION_COMMENTS = YES;
				CLANG_WARN_EMPTY_BODY = YES;
				CLANG_WARN_ENUM_CONVERSION = YES;
				CLANG_WARN_INFINITE_RECURSION = YES;
				CLANG_WARN_INT_CONVERSION = YES;
				CLANG_WARN_NON_LITERAL_NULL_CONVERSION = YES;
				CLANG_WARN_OBJC_IMPLICIT_RETAIN_SELF = YES;
				CLANG_WARN_OBJC_LITERAL_CONVERSION = YES;
				CLANG_WARN_OBJC_ROOT_CLASS = YES_ERROR;
				CLANG_WARN_RANGE_LOOP_ANALYSIS = YES;
				CLANG_WARN_STRICT_PROTOTYPES = YES;
				CLANG_WARN_SUSPICIOUS_MOVE = YES;
				CLANG_WARN_UNGUARDED_AVAILABILITY = YES_AGGRESSIVE;
				CLANG_WARN_UNREACHABLE_CODE = YES;
				CLANG_WARN__DUPLICATE_METHOD_MATCH = YES;
				COPY_PHASE_STRIP = NO;
				DEBUG_INFORMATION_FORMAT = dwarf;
				ENABLE_STRICT_OBJC_MSGSEND = YES;
				ENABLE_TESTABILITY = YES;
				GCC_C_LANGUAGE_STANDARD = gnu11;
				GCC_DYNAMIC_NO_PIC = NO;
				GCC_NO_COMMON_BLOCKS = YES;
				GCC_OPTIMIZATION_LEVEL = 0;
				GCC_PREPROCESSOR_DEFINITIONS = (
					"DEBUG=1",
					"$(inherited)",
				);
				GCC_WARN_64_TO_32_BIT_CONVERSION = YES;
				GCC_WARN_ABOUT_RETURN_TYPE = YES_ERROR;
				GCC_WARN_UNDECLARED_SELECTOR = YES;
				GCC_WARN_UNINITIALIZED_AUTOS = YES_AGGRESSIVE;
				GCC_WARN_UNUSED_FUNCTION = YES;
				GCC_WARN_UNUSED_VARIABLE = YES;
				IPHONEOS_DEPLOYMENT_TARGET = 13.4;
				MTL_ENABLE_DEBUG_INFO = INCLUDE_SOURCE;
				MTL_FAST_MATH = YES;
				ONLY_ACTIVE_ARCH = YES;
				SDKROOT = iphoneos;
				SWIFT_ACTIVE_COMPILATION_CONDITIONS = DEBUG;
				SWIFT_OPTIMIZATION_LEVEL = "-Onone";
			};
			name = Debug;
		};
		7374D2962443456F005D85DA /* Release */ = {
			isa = XCBuildConfiguration;
			buildSettings = {
				ALWAYS_SEARCH_USER_PATHS = NO;
				CLANG_ANALYZER_NONNULL = YES;
				CLANG_ANALYZER_NUMBER_OBJECT_CONVERSION = YES_AGGRESSIVE;
				CLANG_CXX_LANGUAGE_STANDARD = "gnu++14";
				CLANG_CXX_LIBRARY = "libc++";
				CLANG_ENABLE_MODULES = YES;
				CLANG_ENABLE_OBJC_ARC = YES;
				CLANG_ENABLE_OBJC_WEAK = YES;
				CLANG_WARN_BLOCK_CAPTURE_AUTORELEASING = YES;
				CLANG_WARN_BOOL_CONVERSION = YES;
				CLANG_WARN_COMMA = YES;
				CLANG_WARN_CONSTANT_CONVERSION = YES;
				CLANG_WARN_DEPRECATED_OBJC_IMPLEMENTATIONS = YES;
				CLANG_WARN_DIRECT_OBJC_ISA_USAGE = YES_ERROR;
				CLANG_WARN_DOCUMENTATION_COMMENTS = YES;
				CLANG_WARN_EMPTY_BODY = YES;
				CLANG_WARN_ENUM_CONVERSION = YES;
				CLANG_WARN_INFINITE_RECURSION = YES;
				CLANG_WARN_INT_CONVERSION = YES;
				CLANG_WARN_NON_LITERAL_NULL_CONVERSION = YES;
				CLANG_WARN_OBJC_IMPLICIT_RETAIN_SELF = YES;
				CLANG_WARN_OBJC_LITERAL_CONVERSION = YES;
				CLANG_WARN_OBJC_ROOT_CLASS = YES_ERROR;
				CLANG_WARN_RANGE_LOOP_ANALYSIS = YES;
				CLANG_WARN_STRICT_PROTOTYPES = YES;
				CLANG_WARN_SUSPICIOUS_MOVE = YES;
				CLANG_WARN_UNGUARDED_AVAILABILITY = YES_AGGRESSIVE;
				CLANG_WARN_UNREACHABLE_CODE = YES;
				CLANG_WARN__DUPLICATE_METHOD_MATCH = YES;
				COPY_PHASE_STRIP = NO;
				DEBUG_INFORMATION_FORMAT = "dwarf-with-dsym";
				ENABLE_NS_ASSERTIONS = NO;
				ENABLE_STRICT_OBJC_MSGSEND = YES;
				GCC_C_LANGUAGE_STANDARD = gnu11;
				GCC_NO_COMMON_BLOCKS = YES;
				GCC_WARN_64_TO_32_BIT_CONVERSION = YES;
				GCC_WARN_ABOUT_RETURN_TYPE = YES_ERROR;
				GCC_WARN_UNDECLARED_SELECTOR = YES;
				GCC_WARN_UNINITIALIZED_AUTOS = YES_AGGRESSIVE;
				GCC_WARN_UNUSED_FUNCTION = YES;
				GCC_WARN_UNUSED_VARIABLE = YES;
				IPHONEOS_DEPLOYMENT_TARGET = 13.4;
				MTL_ENABLE_DEBUG_INFO = NO;
				MTL_FAST_MATH = YES;
				SDKROOT = iphoneos;
				SWIFT_COMPILATION_MODE = wholemodule;
				SWIFT_OPTIMIZATION_LEVEL = "-O";
				VALIDATE_PRODUCT = YES;
			};
			name = Release;
		};
		7374D2982443456F005D85DA /* Debug */ = {
			isa = XCBuildConfiguration;
			buildSettings = {
				ASSETCATALOG_COMPILER_APPICON_NAME = AppIcon;
				CODE_SIGN_STYLE = Automatic;
				DEVELOPMENT_ASSET_PATHS = "\"YU-GI-OH-Calc/Preview Content\"";
				DEVELOPMENT_TEAM = FH6Q9ZL7XV;
				ENABLE_PREVIEWS = YES;
				INFOPLIST_FILE = "YU-GI-OH-Calc/Info.plist";
				LD_RUNPATH_SEARCH_PATHS = (
					"$(inherited)",
					"@executable_path/Frameworks",
				);
				PRODUCT_BUNDLE_IDENTIFIER = "jp.soyoil.YU-GI-OH-Calc";
				PRODUCT_NAME = "$(TARGET_NAME)";
				SWIFT_VERSION = 5.0;
				TARGETED_DEVICE_FAMILY = "1,2";
			};
			name = Debug;
		};
		7374D2992443456F005D85DA /* Release */ = {
			isa = XCBuildConfiguration;
			buildSettings = {
				ASSETCATALOG_COMPILER_APPICON_NAME = AppIcon;
				CODE_SIGN_STYLE = Automatic;
				DEVELOPMENT_ASSET_PATHS = "\"YU-GI-OH-Calc/Preview Content\"";
				DEVELOPMENT_TEAM = FH6Q9ZL7XV;
				ENABLE_PREVIEWS = YES;
				INFOPLIST_FILE = "YU-GI-OH-Calc/Info.plist";
				LD_RUNPATH_SEARCH_PATHS = (
					"$(inherited)",
					"@executable_path/Frameworks",
				);
				PRODUCT_BUNDLE_IDENTIFIER = "jp.soyoil.YU-GI-OH-Calc";
				PRODUCT_NAME = "$(TARGET_NAME)";
				SWIFT_VERSION = 5.0;
				TARGETED_DEVICE_FAMILY = "1,2";
			};
			name = Release;
		};
/* End XCBuildConfiguration section */

/* Begin XCConfigurationList section */
		7374D27E24434568005D85DA /* Build configuration list for PBXProject "YU-GI-OH-Calc" */ = {
			isa = XCConfigurationList;
			buildConfigurations = (
				7374D2952443456F005D85DA /* Debug */,
				7374D2962443456F005D85DA /* Release */,
			);
			defaultConfigurationIsVisible = 0;
			defaultConfigurationName = Release;
		};
		7374D2972443456F005D85DA /* Build configuration list for PBXNativeTarget "YU-GI-OH-Calc" */ = {
			isa = XCConfigurationList;
			buildConfigurations = (
				7374D2982443456F005D85DA /* Debug */,
				7374D2992443456F005D85DA /* Release */,
			);
			defaultConfigurationIsVisible = 0;
			defaultConfigurationName = Release;
		};
/* End XCConfigurationList section */
	};
	rootObject = 7374D27B24434568005D85DA /* Project object */;
}
